Microsoft Visual Studio Solution File, Format Version 12.00
# Visual Studio Version 17
VisualStudioVersion = 17.5.2.0
MinimumVisualStudioVersion = 10.0.40219.1
Project("{FAE04EC0-301F-11D3-BF4B-00C04F79EFBC}") = "inbound-process", "inbound-process.csproj", "{8352F7C3-028A-0495-A108-A16DF44428A0}"
EndProject
Global
	GlobalSection(SolutionConfigurationPlatforms) = preSolution
		Debug|Any CPU = Debug|Any CPU
		Release|Any CPU = Release|Any CPU
	EndGlobalSection
	GlobalSection(ProjectConfigurationPlatforms) = postSolution
		{8352F7C3-028A-0495-A108-A16DF44428A0}.Debug|Any CPU.ActiveCfg = Debug|Any CPU
		{8352F7C3-028A-0495-A108-A16DF44428A0}.Debug|Any CPU.Build.0 = Debug|Any CPU
		{8352F7C3-028A-0495-A108-A16DF44428A0}.Release|Any CPU.ActiveCfg = Release|Any CPU
		{8352F7C3-028A-0495-A108-A16DF44428A0}.Release|Any CPU.Build.0 = Release|Any CPU
	EndGlobalSection
	GlobalSection(SolutionProperties) = preSolution
		HideSolutionNode = FALSE
	EndGlobalSection
	GlobalSection(ExtensibilityGlobals) = postSolution
		SolutionGuid = {4E3CF1E1-7A63-43CB-A67C-3CF03E633807}
	EndGlobalSection
EndGlobal
